
Microsoft Visual Studio Solution File, Format Version 12.00
# Visual Studio 2012
Project("{FAE04EC0-301F-11D3-BF4B-00C04F79EFBC}") = "SpeechAuth.Core", "SpeechAuth.Core\SpeechAuth.Core.csproj", "{0059DE1F-DD9F-4833-BCCA-0E454DF29232}"
EndProject
Project("{FAE04EC0-301F-11D3-BF4B-00C04F79EFBC}") = "SpechAuth.iOS", "SpechAuth.iOS\SpechAuth.iOS.csproj", "{FECBA8F0-864B-4D1B-B147-85B15D23E491}"
EndProject
Global
	GlobalSection(SolutionConfigurationPlatforms) = preSolution
		Debug|iPhoneSimulator = Debug|iPhoneSimulator
		Release|iPhoneSimulator = Release|iPhoneSimulator
		Debug|iPhone = Debug|iPhone
		Release|iPhone = Release|iPhone
		Ad-Hoc|iPhone = Ad-Hoc|iPhone
		AppStore|iPhone = AppStore|iPhone
	EndGlobalSection
	GlobalSection(ProjectConfigurationPlatforms) = postSolution
		{0059DE1F-DD9F-4833-BCCA-0E454DF29232}.Ad-Hoc|iPhone.ActiveCfg = Release|Any CPU
		{0059DE1F-DD9F-4833-BCCA-0E454DF29232}.Ad-Hoc|iPhone.Build.0 = Release|Any CPU
		{0059DE1F-DD9F-4833-BCCA-0E454DF29232}.AppStore|iPhone.ActiveCfg = Release|Any CPU
		{0059DE1F-DD9F-4833-BCCA-0E454DF29232}.AppStore|iPhone.Build.0 = Release|Any CPU
		{0059DE1F-DD9F-4833-BCCA-0E454DF29232}.Debug|iPhone.ActiveCfg = Debug|Any CPU
		{0059DE1F-DD9F-4833-BCCA-0E454DF29232}.Debug|iPhone.Build.0 = Debug|Any CPU
		{0059DE1F-DD9F-4833-BCCA-0E454DF29232}.Debug|iPhoneSimulator.ActiveCfg = Debug|Any CPU
		{0059DE1F-DD9F-4833-BCCA-0E454DF29232}.Debug|iPhoneSimulator.Build.0 = Debug|Any CPU
		{0059DE1F-DD9F-4833-BCCA-0E454DF29232}.Release|iPhone.ActiveCfg = Release|Any CPU
		{0059DE1F-DD9F-4833-BCCA-0E454DF29232}.Release|iPhone.Build.0 = Release|Any CPU
		{0059DE1F-DD9F-4833-BCCA-0E454DF29232}.Release|iPhoneSimulator.ActiveCfg = Release|Any CPU
		{0059DE1F-DD9F-4833-BCCA-0E454DF29232}.Release|iPhoneSimulator.Build.0 = Release|Any CPU
		{FECBA8F0-864B-4D1B-B147-85B15D23E491}.Ad-Hoc|iPhone.ActiveCfg = Ad-Hoc|iPhone
		{FECBA8F0-864B-4D1B-B147-85B15D23E491}.Ad-Hoc|iPhone.Build.0 = Ad-Hoc|iPhone
		{FECBA8F0-864B-4D1B-B147-85B15D23E491}.AppStore|iPhone.ActiveCfg = AppStore|iPhone
		{FECBA8F0-864B-4D1B-B147-85B15D23E491}.AppStore|iPhone.Build.0 = AppStore|iPhone
		{FECBA8F0-864B-4D1B-B147-85B15D23E491}.Debug|iPhone.ActiveCfg = Debug|iPhone
		{FECBA8F0-864B-4D1B-B147-85B15D23E491}.Debug|iPhone.Build.0 = Debug|iPhone
		{FECBA8F0-864B-4D1B-B147-85B15D23E491}.Debug|iPhoneSimulator.ActiveCfg = Debug|iPhoneSimulator
		{FECBA8F0-864B-4D1B-B147-85B15D23E491}.Debug|iPhoneSimulator.Build.0 = Debug|iPhoneSimulator
		{FECBA8F0-864B-4D1B-B147-85B15D23E491}.Release|iPhone.ActiveCfg = Release|iPhone
		{FECBA8F0-864B-4D1B-B147-85B15D23E491}.Release|iPhone.Build.0 = Release|iPhone
		{FECBA8F0-864B-4D1B-B147-85B15D23E491}.Release|iPhoneSimulator.ActiveCfg = Release|iPhoneSimulator
		{FECBA8F0-864B-4D1B-B147-85B15D23E491}.Release|iPhoneSimulator.Build.0 = Release|iPhoneSimulator
	EndGlobalSection
EndGlobal
